<Solution>
  <Project Path="NotificationsAPI.Application/NotificationsAPI.Application.csproj" />
  <Project Path="NotificationsAPI.Infrastructure/NotificationsAPI.Infrastructure.csproj" />
  <Project Path="NotificationsAPI.Shared/NotificationsAPI.Shared.csproj" />
  <Project Path="NotificationsAPI/NotificationsAPI.csproj" />
</Solution>
